// !$*UTF8*$!
{
	archiveVersion = 1;
	classes = {
	};
	objectVersion = 45;
	objects = {

/* Begin PBXFileReference section */
		7F1B0DE30FB6F3A500541D2B /* __init__.py */ = {isa = PBXFileReference; fileEncoding = 4; lastKnownFileType = text.script.python; path = __init__.py; sourceTree = "<group>"; };
		7F1B0DE50FB6F3A500541D2B /* CBuilder.py */ = {isa = PBXFileReference; fileEncoding = 4; lastKnownFileType = text.script.python; path = CBuilder.py; sourceTree = "<group>"; };
		7F1B0DE70FB6F3A500541D2B /* CXXBuilder.py */ = {isa = PBXFileReference; fileEncoding = 4; lastKnownFileType = text.script.python; path = CXXBuilder.py; sourceTree = "<group>"; };
		7F1B0DE80FB6F3A500541D2B /* FortranBuilder.py */ = {isa = PBXFileReference; fileEncoding = 4; lastKnownFileType = text.script.python; path = FortranBuilder.py; sourceTree = "<group>"; };
		7F1B0DE90FB6F3A500541D2B /* JavaBuilder.py */ = {isa = PBXFileReference; fileEncoding = 4; lastKnownFileType = text.script.python; path = JavaBuilder.py; sourceTree = "<group>"; };
		7F1B0DEA0FB6F3A500541D2B /* JavaGCCBuilder.py */ = {isa = PBXFileReference; fileEncoding = 4; lastKnownFileType = text.script.python; path = JavaGCCBuilder.py; sourceTree = "<group>"; };
		7F1B0DEB0FB6F3A500541D2B /* Modula2Builder.py */ = {isa = PBXFileReference; fileEncoding = 4; lastKnownFileType = text.script.python; path = Modula2Builder.py; sourceTree = "<group>"; };
		7F5E31D21071128C00CED596 /* change_list.html */ = {isa = PBXFileReference; fileEncoding = 4; lastKnownFileType = text.html; path = change_list.html; sourceTree = "<group>"; };
		7F5E31FD10727A5A00CED596 /* import.html */ = {isa = PBXFileReference; fileEncoding = 4; lastKnownFileType = text.html; path = import.html; sourceTree = "<group>"; };
		7F75C80C1030A6ED008B3FB0 /* __init__.py */ = {isa = PBXFileReference; fileEncoding = 4; lastKnownFileType = text.script.python; path = __init__.py; sourceTree = "<group>"; };
		7F75C80E1030A6ED008B3FB0 /* AnonymityChecker.py */ = {isa = PBXFileReference; fileEncoding = 4; lastKnownFileType = text.script.python; path = AnonymityChecker.py; sourceTree = "<group>"; };
		7F75C8111030A6ED008B3FB0 /* DejaGnu.py */ = {isa = PBXFileReference; fileEncoding = 4; lastKnownFileType = text.script.python; path = DejaGnu.py; sourceTree = "<group>"; };
		7F75C8131030A6ED008B3FB0 /* DiffChecker.py */ = {isa = PBXFileReference; fileEncoding = 4; lastKnownFileType = text.script.python; path = DiffChecker.py; sourceTree = "<group>"; };
		7F75C8151030A6ED008B3FB0 /* InterfaceChecker.py */ = {isa = PBXFileReference; fileEncoding = 4; lastKnownFileType = text.script.python; path = InterfaceChecker.py; sourceTree = "<group>"; };
		7F75C8171030A6ED008B3FB0 /* LineCounter.py */ = {isa = PBXFileReference; fileEncoding = 4; lastKnownFileType = text.script.python; path = LineCounter.py; sourceTree = "<group>"; };
		7F75C8191030A6ED008B3FB0 /* LineWidthChecker.py */ = {isa = PBXFileReference; fileEncoding = 4; lastKnownFileType = text.script.python; path = LineWidthChecker.py; sourceTree = "<group>"; };
		7F75C81B1030A6ED008B3FB0 /* TextChecker.py */ = {isa = PBXFileReference; fileEncoding = 4; lastKnownFileType = text.script.python; path = TextChecker.py; sourceTree = "<group>"; };
		7F7A5E860FA3448F0085B6A5 /* test_data.json */ = {isa = PBXFileReference; fileEncoding = 4; lastKnownFileType = text; path = test_data.json; sourceTree = "<group>"; };
		7F89FE6D0FE7B7230089C356 /* dynamic_inlines_with_sort.css */ = {isa = PBXFileReference; fileEncoding = 4; lastKnownFileType = text.css; path = dynamic_inlines_with_sort.css; sourceTree = "<group>"; };
		7F8B49D10F8F6E0B00BC1222 /* admin.py */ = {isa = PBXFileReference; fileEncoding = 4; lastKnownFileType = text.script.python; path = admin.py; sourceTree = "<group>"; };
		7F8B49E70F8F714000BC1222 /* admin.py */ = {isa = PBXFileReference; fileEncoding = 4; lastKnownFileType = text.script.python; name = admin.py; path = ../praktomat/tasks/admin.py; sourceTree = SOURCE_ROOT; };
		7F8B4CAE0F93F7C100BC1222 /* admin.py */ = {isa = PBXFileReference; fileEncoding = 4; lastKnownFileType = text.script.python; path = admin.py; sourceTree = "<group>"; };
		7F8E04A70F73E8B900442855 /* manage.py */ = {isa = PBXFileReference; fileEncoding = 4; lastKnownFileType = text.script.python; path = manage.py; sourceTree = "<group>"; };
		7F8E04A90F73E8B900442855 /* initial_data.json */ = {isa = PBXFileReference; fileEncoding = 4; lastKnownFileType = text; path = initial_data.json; sourceTree = "<group>"; };
		7F8E04AB0F73E8B900442855 /* __init__.py */ = {isa = PBXFileReference; fileEncoding = 4; lastKnownFileType = text.script.python; path = __init__.py; sourceTree = "<group>"; };
		7F8E04AD0F73E8B900442855 /* admin.py */ = {isa = PBXFileReference; fileEncoding = 4; lastKnownFileType = text.script.python; path = admin.py; sourceTree = "<group>"; };
		7F8E04B10F73E8B900442855 /* forms.py */ = {isa = PBXFileReference; fileEncoding = 4; lastKnownFileType = text.script.python; path = forms.py; sourceTree = "<group>"; };
		7F8E04B30F73E8B900442855 /* models.py */ = {isa = PBXFileReference; fileEncoding = 4; lastKnownFileType = text.script.python; path = models.py; sourceTree = "<group>"; };
		7F8E04B50F73E8B900442855 /* urls.py */ = {isa = PBXFileReference; fileEncoding = 4; lastKnownFileType = text.script.python; path = urls.py; sourceTree = "<group>"; };
		7F8E04B70F73E8B900442855 /* views.py */ = {isa = PBXFileReference; fileEncoding = 4; lastKnownFileType = text.script.python; path = views.py; sourceTree = "<group>"; };
		7F8E04B90F73E8B900442855 /* urls.py */ = {isa = PBXFileReference; fileEncoding = 4; lastKnownFileType = text.script.python; path = urls.py; sourceTree = "<group>"; };
		7F8E04BC0F73E8B900442855 /* base_site.html */ = {isa = PBXFileReference; fileEncoding = 4; lastKnownFileType = text.html; path = base_site.html; sourceTree = "<group>"; };
		7F8E04C00F73E8B900442855 /* base.html */ = {isa = PBXFileReference; fileEncoding = 4; lastKnownFileType = text.html; path = base.html; sourceTree = "<group>"; };
		7F8E04C10F73E8B900442855 /* error.html */ = {isa = PBXFileReference; fileEncoding = 4; lastKnownFileType = text.html; path = error.html; sourceTree = "<group>"; };
		7F8E04C30F73E8B900442855 /* login.html */ = {isa = PBXFileReference; fileEncoding = 4; lastKnownFileType = text.html; path = login.html; sourceTree = "<group>"; };
		7F8E04C40F73E8B900442855 /* password_change_done.html */ = {isa = PBXFileReference; fileEncoding = 4; lastKnownFileType = text.html; path = password_change_done.html; sourceTree = "<group>"; };
		7F8E04C50F73E8B900442855 /* password_change_form.html */ = {isa = PBXFileReference; fileEncoding = 4; lastKnownFileType = text.html; path = password_change_form.html; sourceTree = "<group>"; };
		7F8E04C60F73E8B900442855 /* password_reset_complete.html */ = {isa = PBXFileReference; fileEncoding = 4; lastKnownFileType = text.html; path = password_reset_complete.html; sourceTree = "<group>"; };
		7F8E04C70F73E8B900442855 /* password_reset_confirm.html */ = {isa = PBXFileReference; fileEncoding = 4; lastKnownFileType = text.html; path = password_reset_confirm.html; sourceTree = "<group>"; };
		7F8E04C80F73E8B900442855 /* password_reset_done.html */ = {isa = PBXFileReference; fileEncoding = 4; lastKnownFileType = text.html; path = password_reset_done.html; sourceTree = "<group>"; };
		7F8E04C90F73E8B900442855 /* password_reset_email.html */ = {isa = PBXFileReference; fileEncoding = 4; lastKnownFileType = text.html; path = password_reset_email.html; sourceTree = "<group>"; };
		7F8E04CA0F73E8B900442855 /* password_reset_form.html */ = {isa = PBXFileReference; fileEncoding = 4; lastKnownFileType = text.html; path = password_reset_form.html; sourceTree = "<group>"; };
		7F8E04CB0F73E8B900442855 /* registration_activated.html */ = {isa = PBXFileReference; fileEncoding = 4; lastKnownFileType = text.html; path = registration_activated.html; sourceTree = "<group>"; };
		7F8E04CC0F73E8B900442855 /* registration_complete.html */ = {isa = PBXFileReference; fileEncoding = 4; lastKnownFileType = text.html; path = registration_complete.html; sourceTree = "<group>"; };
		7F8E04CD0F73E8B900442855 /* registration_email.html */ = {isa = PBXFileReference; fileEncoding = 4; lastKnownFileType = text.html; path = registration_email.html; sourceTree = "<group>"; };
		7F8E04CE0F73E8B900442855 /* registration_form.html */ = {isa = PBXFileReference; fileEncoding = 4; lastKnownFileType = text.html; path = registration_form.html; sourceTree = "<group>"; };
		7F8E04D00F73E8B900442855 /* solution_detail.html */ = {isa = PBXFileReference; fileEncoding = 4; lastKnownFileType = text.html; path = solution_detail.html; sourceTree = "<group>"; };
		7F8E04D10F73E8B900442855 /* solution_list.html */ = {isa = PBXFileReference; fileEncoding = 4; lastKnownFileType = text.html; path = solution_list.html; sourceTree = "<group>"; };
		7F8E04D30F73E8B900442855 /* task_detail.html */ = {isa = PBXFileReference; fileEncoding = 4; lastKnownFileType = text.html; path = task_detail.html; sourceTree = "<group>"; };
		7F8E04D40F73E8B900442855 /* task_list.html */ = {isa = PBXFileReference; fileEncoding = 4; lastKnownFileType = text.html; path = task_list.html; sourceTree = "<group>"; };
		7F8E04D50F73E8B900442855 /* task_preview.html */ = {isa = PBXFileReference; fileEncoding = 4; lastKnownFileType = text.html; path = task_preview.html; sourceTree = "<group>"; };
		7F8E04D70F73E8B900442855 /* __init__.py */ = {isa = PBXFileReference; fileEncoding = 4; lastKnownFileType = text.script.python; path = __init__.py; sourceTree = "<group>"; };
		7F8E04DD0F73E8B900442855 /* models.py */ = {isa = PBXFileReference; fileEncoding = 4; lastKnownFileType = text.script.python; path = models.py; sourceTree = "<group>"; };
		7F8E04E00F73E8B900442855 /* urls.py */ = {isa = PBXFileReference; fileEncoding = 4; lastKnownFileType = text.script.python; path = urls.py; sourceTree = "<group>"; };
		7F8E04E20F73E8B900442855 /* views.py */ = {isa = PBXFileReference; fileEncoding = 4; lastKnownFileType = text.script.python; path = views.py; sourceTree = "<group>"; };
		7F8E04E50F73E8B900442855 /* favicon.ico */ = {isa = PBXFileReference; lastKnownFileType = image.ico; path = favicon.ico; sourceTree = "<group>"; };
		7F8E053E0F73E8B900442855 /* pygments_friendly.css */ = {isa = PBXFileReference; fileEncoding = 4; lastKnownFileType = text.css; path = pygments_friendly.css; sourceTree = "<group>"; };
		7F8E053F0F73E8B900442855 /* style.css */ = {isa = PBXFileReference; fileEncoding = 4; lastKnownFileType = text.css; path = style.css; sourceTree = "<group>"; };
		7F8E05470F73E8B900442855 /* __init__.py */ = {isa = PBXFileReference; fileEncoding = 4; lastKnownFileType = text.script.python; path = __init__.py; sourceTree = "<group>"; };
		7F8E05490F73E8B900442855 /* forms.py */ = {isa = PBXFileReference; fileEncoding = 4; lastKnownFileType = text.script.python; path = forms.py; sourceTree = "<group>"; };
		7F8E054A0F73E8B900442855 /* models.py */ = {isa = PBXFileReference; fileEncoding = 4; lastKnownFileType = text.script.python; path = models.py; sourceTree = "<group>"; };
		7F8E054D0F73E8B900442855 /* __init__.py */ = {isa = PBXFileReference; fileEncoding = 4; lastKnownFileType = text.script.python; path = __init__.py; sourceTree = "<group>"; };
		7F8E054F0F73E8B900442855 /* highlight.py */ = {isa = PBXFileReference; fileEncoding = 4; lastKnownFileType = text.script.python; path = highlight.py; sourceTree = "<group>"; };
		7F8E05510F73E8B900442855 /* urls.py */ = {isa = PBXFileReference; fileEncoding = 4; lastKnownFileType = text.script.python; path = urls.py; sourceTree = "<group>"; };
		7F8E05530F73E8B900442855 /* views.py */ = {isa = PBXFileReference; fileEncoding = 4; lastKnownFileType = text.script.python; path = views.py; sourceTree = "<group>"; };
		7F8E05550F73E8B900442855 /* settings.py */ = {isa = PBXFileReference; fileEncoding = 4; lastKnownFileType = text.script.python; path = settings.py; sourceTree = "<group>"; };
		7F8E05590F73E8B900442855 /* __init__.py */ = {isa = PBXFileReference; fileEncoding = 4; lastKnownFileType = text.script.python; path = __init__.py; sourceTree = "<group>"; };
		7FA7CFE0100CD21400EB8EDC /* stacked.html */ = {isa = PBXFileReference; fileEncoding = 4; lastKnownFileType = text.html; path = stacked.html; sourceTree = "<group>"; };
		7FB81FC70FB0977F00A58373 /* __init__.py */ = {isa = PBXFileReference; fileEncoding = 4; lastKnownFileType = text.script.python; path = __init__.py; sourceTree = "<group>"; };
		7FB905431025C76E00CDAA0F /* __init__.py */ = {isa = PBXFileReference; fileEncoding = 4; lastKnownFileType = text.script.python; path = __init__.py; sourceTree = "<group>"; };
		7FB905441025C76E00CDAA0F /* in_group.py */ = {isa = PBXFileReference; fileEncoding = 4; lastKnownFileType = text.script.python; path = in_group.py; sourceTree = "<group>"; };
		7FB906E010263F0700CDAA0F /* attestation.html */ = {isa = PBXFileReference; fileEncoding = 4; lastKnownFileType = text.html; path = attestation.html; sourceTree = "<group>"; };
		7FB9071B1026461E00CDAA0F /* ui-bg_diagonals-thick_18_b81900_40x40.png */ = {isa = PBXFileReference; lastKnownFileType = image.png; path = "ui-bg_diagonals-thick_18_b81900_40x40.png"; sourceTree = "<group>"; };
		7FB9071C1026461E00CDAA0F /* ui-bg_diagonals-thick_20_666666_40x40.png */ = {isa = PBXFileReference; lastKnownFileType = image.png; path = "ui-bg_diagonals-thick_20_666666_40x40.png"; sourceTree = "<group>"; };
		7FB9071D1026461E00CDAA0F /* ui-bg_flat_10_000000_40x100.png */ = {isa = PBXFileReference; lastKnownFileType = image.png; path = "ui-bg_flat_10_000000_40x100.png"; sourceTree = "<group>"; };
		7FB9071E1026461E00CDAA0F /* ui-bg_glass_100_f6f6f6_1x400.png */ = {isa = PBXFileReference; lastKnownFileType = image.png; path = "ui-bg_glass_100_f6f6f6_1x400.png"; sourceTree = "<group>"; };
		7FB9071F1026461E00CDAA0F /* ui-bg_glass_100_fdf5ce_1x400.png */ = {isa = PBXFileReference; lastKnownFileType = image.png; path = "ui-bg_glass_100_fdf5ce_1x400.png"; sourceTree = "<group>"; };
		7FB907201026461E00CDAA0F /* ui-bg_glass_65_ffffff_1x400.png */ = {isa = PBXFileReference; lastKnownFileType = image.png; path = "ui-bg_glass_65_ffffff_1x400.png"; sourceTree = "<group>"; };
		7FB907211026461E00CDAA0F /* ui-bg_gloss-wave_35_f6a828_500x100.png */ = {isa = PBXFileReference; lastKnownFileType = image.png; path = "ui-bg_gloss-wave_35_f6a828_500x100.png"; sourceTree = "<group>"; };
		7FB907221026461E00CDAA0F /* ui-bg_highlight-soft_100_eeeeee_1x100.png */ = {isa = PBXFileReference; lastKnownFileType = image.png; path = "ui-bg_highlight-soft_100_eeeeee_1x100.png"; sourceTree = "<group>"; };
		7FB907231026461E00CDAA0F /* ui-bg_highlight-soft_75_ffe45c_1x100.png */ = {isa = PBXFileReference; lastKnownFileType = image.png; path = "ui-bg_highlight-soft_75_ffe45c_1x100.png"; sourceTree = "<group>"; };
		7FB907241026461E00CDAA0F /* ui-icons_222222_256x240.png */ = {isa = PBXFileReference; lastKnownFileType = image.png; path = "ui-icons_222222_256x240.png"; sourceTree = "<group>"; };
		7FB907251026461E00CDAA0F /* ui-icons_228ef1_256x240.png */ = {isa = PBXFileReference; lastKnownFileType = image.png; path = "ui-icons_228ef1_256x240.png"; sourceTree = "<group>"; };
		7FB907261026461E00CDAA0F /* ui-icons_ef8c08_256x240.png */ = {isa = PBXFileReference; lastKnownFileType = image.png; path = "ui-icons_ef8c08_256x240.png"; sourceTree = "<group>"; };
		7FB907271026461E00CDAA0F /* ui-icons_ffd27a_256x240.png */ = {isa = PBXFileReference; lastKnownFileType = image.png; path = "ui-icons_ffd27a_256x240.png"; sourceTree = "<group>"; };
		7FB907281026461E00CDAA0F /* ui-icons_ffffff_256x240.png */ = {isa = PBXFileReference; lastKnownFileType = image.png; path = "ui-icons_ffffff_256x240.png"; sourceTree = "<group>"; };
		7FB907291026461E00CDAA0F /* jquery-ui-1.7.2.custom.css */ = {isa = PBXFileReference; fileEncoding = 4; lastKnownFileType = text.css; path = "jquery-ui-1.7.2.custom.css"; sourceTree = "<group>"; };
		7FB907481026F2B800CDAA0F /* dynamic_inlines_with_sort.js */ = {isa = PBXFileReference; fileEncoding = 4; lastKnownFileType = sourcecode.javascript; path = dynamic_inlines_with_sort.js; sourceTree = "<group>"; };
		7FB907491026F2B800CDAA0F /* jquery.js */ = {isa = PBXFileReference; fileEncoding = 4; lastKnownFileType = sourcecode.javascript; path = jquery.js; sourceTree = "<group>"; };
		7FB9074A1026F2B800CDAA0F /* jquery-ui.js */ = {isa = PBXFileReference; fileEncoding = 4; lastKnownFileType = sourcecode.javascript; path = "jquery-ui.js"; sourceTree = "<group>"; };
		7FB9074D1026F2B800CDAA0F /* jquery.markitup.js */ = {isa = PBXFileReference; fileEncoding = 4; lastKnownFileType = sourcecode.javascript; path = jquery.markitup.js; sourceTree = "<group>"; };
		7FB9074E1026F2B800CDAA0F /* jquery.markitup.pack.js */ = {isa = PBXFileReference; fileEncoding = 4; lastKnownFileType = sourcecode.javascript; path = jquery.markitup.pack.js; sourceTree = "<group>"; };
		7FB9074F1026F2B800CDAA0F /* readme.txt */ = {isa = PBXFileReference; fileEncoding = 4; lastKnownFileType = text; path = readme.txt; sourceTree = "<group>"; };
		7FB907531026F2B800CDAA0F /* bold.png */ = {isa = PBXFileReference; lastKnownFileType = image.png; path = bold.png; sourceTree = "<group>"; };
		7FB907541026F2B800CDAA0F /* clean.png */ = {isa = PBXFileReference; lastKnownFileType = image.png; path = clean.png; sourceTree = "<group>"; };
		7FB907551026F2B800CDAA0F /* image.png */ = {isa = PBXFileReference; lastKnownFileType = image.png; path = image.png; sourceTree = "<group>"; };
		7FB907561026F2B800CDAA0F /* italic.png */ = {isa = PBXFileReference; lastKnownFileType = image.png; path = italic.png; sourceTree = "<group>"; };
		7FB907571026F2B800CDAA0F /* link.png */ = {isa = PBXFileReference; lastKnownFileType = image.png; path = link.png; sourceTree = "<group>"; };
		7FB907581026F2B800CDAA0F /* picture.png */ = {isa = PBXFileReference; lastKnownFileType = image.png; path = picture.png; sourceTree = "<group>"; };
		7FB907591026F2B800CDAA0F /* preview.png */ = {isa = PBXFileReference; lastKnownFileType = image.png; path = preview.png; sourceTree = "<group>"; };
		7FB9075A1026F2B800CDAA0F /* stroke.png */ = {isa = PBXFileReference; lastKnownFileType = image.png; path = stroke.png; sourceTree = "<group>"; };
		7FB9075B1026F2B800CDAA0F /* set.js */ = {isa = PBXFileReference; fileEncoding = 4; lastKnownFileType = sourcecode.javascript; path = set.js; sourceTree = "<group>"; };
		7FB9075C1026F2B800CDAA0F /* style.css */ = {isa = PBXFileReference; fileEncoding = 4; lastKnownFileType = text.css; path = style.css; sourceTree = "<group>"; };
		7FB9075F1026F2B800CDAA0F /* bold.png */ = {isa = PBXFileReference; lastKnownFileType = image.png; path = bold.png; sourceTree = "<group>"; };
		7FB907601026F2B800CDAA0F /* code.png */ = {isa = PBXFileReference; lastKnownFileType = image.png; path = code.png; sourceTree = "<group>"; };
		7FB907611026F2B800CDAA0F /* h1.png */ = {isa = PBXFileReference; lastKnownFileType = image.png; path = h1.png; sourceTree = "<group>"; };
		7FB907621026F2B800CDAA0F /* h2.png */ = {isa = PBXFileReference; lastKnownFileType = image.png; path = h2.png; sourceTree = "<group>"; };
		7FB907631026F2B800CDAA0F /* h3.png */ = {isa = PBXFileReference; lastKnownFileType = image.png; path = h3.png; sourceTree = "<group>"; };
		7FB907641026F2B800CDAA0F /* h4.png */ = {isa = PBXFileReference; lastKnownFileType = image.png; path = h4.png; sourceTree = "<group>"; };
		7FB907651026F2B800CDAA0F /* h5.png */ = {isa = PBXFileReference; lastKnownFileType = image.png; path = h5.png; sourceTree = "<group>"; };
		7FB907661026F2B800CDAA0F /* h6.png */ = {isa = PBXFileReference; lastKnownFileType = image.png; path = h6.png; sourceTree = "<group>"; };
		7FB907671026F2B800CDAA0F /* italic.png */ = {isa = PBXFileReference; lastKnownFileType = image.png; path = italic.png; sourceTree = "<group>"; };
		7FB907681026F2B800CDAA0F /* link.png */ = {isa = PBXFileReference; lastKnownFileType = image.png; path = link.png; sourceTree = "<group>"; };
		7FB907691026F2B800CDAA0F /* list-bullet.png */ = {isa = PBXFileReference; lastKnownFileType = image.png; path = "list-bullet.png"; sourceTree = "<group>"; };
		7FB9076A1026F2B800CDAA0F /* list-numeric.png */ = {isa = PBXFileReference; lastKnownFileType = image.png; path = "list-numeric.png"; sourceTree = "<group>"; };
		7FB9076B1026F2B800CDAA0F /* picture.png */ = {isa = PBXFileReference; lastKnownFileType = image.png; path = picture.png; sourceTree = "<group>"; };
		7FB9076C1026F2B800CDAA0F /* preview.png */ = {isa = PBXFileReference; lastKnownFileType = image.png; path = preview.png; sourceTree = "<group>"; };
		7FB9076D1026F2B800CDAA0F /* quotes.png */ = {isa = PBXFileReference; lastKnownFileType = image.png; path = quotes.png; sourceTree = "<group>"; };
		7FB9076E1026F2B800CDAA0F /* readme.txt */ = {isa = PBXFileReference; fileEncoding = 4; lastKnownFileType = text; path = readme.txt; sourceTree = "<group>"; };
		7FB9076F1026F2B800CDAA0F /* set.js */ = {isa = PBXFileReference; fileEncoding = 4; lastKnownFileType = sourcecode.javascript; path = set.js; sourceTree = "<group>"; };
		7FB907701026F2B800CDAA0F /* style.css */ = {isa = PBXFileReference; fileEncoding = 4; lastKnownFileType = text.css; path = style.css; sourceTree = "<group>"; };
		7FB907731026F2B800CDAA0F /* bold.png */ = {isa = PBXFileReference; lastKnownFileType = image.png; path = bold.png; sourceTree = "<group>"; };
		7FB907741026F2B800CDAA0F /* code.png */ = {isa = PBXFileReference; lastKnownFileType = image.png; path = code.png; sourceTree = "<group>"; };
		7FB907751026F2B800CDAA0F /* h1.png */ = {isa = PBXFileReference; lastKnownFileType = image.png; path = h1.png; sourceTree = "<group>"; };
		7FB907761026F2B800CDAA0F /* h2.png */ = {isa = PBXFileReference; lastKnownFileType = image.png; path = h2.png; sourceTree = "<group>"; };
		7FB907771026F2B800CDAA0F /* h3.png */ = {isa = PBXFileReference; lastKnownFileType = image.png; path = h3.png; sourceTree = "<group>"; };
		7FB907781026F2B800CDAA0F /* h4.png */ = {isa = PBXFileReference; lastKnownFileType = image.png; path = h4.png; sourceTree = "<group>"; };
		7FB907791026F2B800CDAA0F /* h5.png */ = {isa = PBXFileReference; lastKnownFileType = image.png; path = h5.png; sourceTree = "<group>"; };
		7FB9077A1026F2B800CDAA0F /* h6.png */ = {isa = PBXFileReference; lastKnownFileType = image.png; path = h6.png; sourceTree = "<group>"; };
		7FB9077B1026F2B800CDAA0F /* italic.png */ = {isa = PBXFileReference; lastKnownFileType = image.png; path = italic.png; sourceTree = "<group>"; };
		7FB9077C1026F2B800CDAA0F /* link.png */ = {isa = PBXFileReference; lastKnownFileType = image.png; path = link.png; sourceTree = "<group>"; };
		7FB9077D1026F2B800CDAA0F /* list-bullet.png */ = {isa = PBXFileReference; lastKnownFileType = image.png; path = "list-bullet.png"; sourceTree = "<group>"; };
		7FB9077E1026F2B800CDAA0F /* list-numeric.png */ = {isa = PBXFileReference; lastKnownFileType = image.png; path = "list-numeric.png"; sourceTree = "<group>"; };
		7FB9077F1026F2B800CDAA0F /* paragraph.png */ = {isa = PBXFileReference; lastKnownFileType = image.png; path = paragraph.png; sourceTree = "<group>"; };
		7FB907801026F2B800CDAA0F /* picture.png */ = {isa = PBXFileReference; lastKnownFileType = image.png; path = picture.png; sourceTree = "<group>"; };
		7FB907811026F2B800CDAA0F /* preview.png */ = {isa = PBXFileReference; lastKnownFileType = image.png; path = preview.png; sourceTree = "<group>"; };
		7FB907821026F2B800CDAA0F /* quotes.png */ = {isa = PBXFileReference; lastKnownFileType = image.png; path = quotes.png; sourceTree = "<group>"; };
		7FB907831026F2B800CDAA0F /* stroke.png */ = {isa = PBXFileReference; lastKnownFileType = image.png; path = stroke.png; sourceTree = "<group>"; };
		7FB907841026F2B800CDAA0F /* readme.txt */ = {isa = PBXFileReference; fileEncoding = 4; lastKnownFileType = text; path = readme.txt; sourceTree = "<group>"; };
		7FB907851026F2B800CDAA0F /* set.js */ = {isa = PBXFileReference; fileEncoding = 4; lastKnownFileType = sourcecode.javascript; path = set.js; sourceTree = "<group>"; };
		7FB907861026F2B800CDAA0F /* style.css */ = {isa = PBXFileReference; fileEncoding = 4; lastKnownFileType = text.css; path = style.css; sourceTree = "<group>"; };
		7FB9078A1026F2B800CDAA0F /* bg-container.png */ = {isa = PBXFileReference; lastKnownFileType = image.png; path = "bg-container.png"; sourceTree = "<group>"; };
		7FB9078B1026F2B800CDAA0F /* bg-editor-bbcode.png */ = {isa = PBXFileReference; lastKnownFileType = image.png; path = "bg-editor-bbcode.png"; sourceTree = "<group>"; };
		7FB9078C1026F2B800CDAA0F /* bg-editor-dotclear.png */ = {isa = PBXFileReference; lastKnownFileType = image.png; path = "bg-editor-dotclear.png"; sourceTree = "<group>"; };
		7FB9078D1026F2B800CDAA0F /* bg-editor-html.png */ = {isa = PBXFileReference; lastKnownFileType = image.png; path = "bg-editor-html.png"; sourceTree = "<group>"; };
		7FB9078E1026F2B800CDAA0F /* bg-editor-json.png */ = {isa = PBXFileReference; lastKnownFileType = image.png; path = "bg-editor-json.png"; sourceTree = "<group>"; };
		7FB9078F1026F2B800CDAA0F /* bg-editor-markdown.png */ = {isa = PBXFileReference; lastKnownFileType = image.png; path = "bg-editor-markdown.png"; sourceTree = "<group>"; };
		7FB907901026F2B800CDAA0F /* bg-editor-textile.png */ = {isa = PBXFileReference; lastKnownFileType = image.png; path = "bg-editor-textile.png"; sourceTree = "<group>"; };
		7FB907911026F2B800CDAA0F /* bg-editor-wiki.png */ = {isa = PBXFileReference; lastKnownFileType = image.png; path = "bg-editor-wiki.png"; sourceTree = "<group>"; };
		7FB907921026F2B800CDAA0F /* bg-editor-xml.png */ = {isa = PBXFileReference; lastKnownFileType = image.png; path = "bg-editor-xml.png"; sourceTree = "<group>"; };
		7FB907931026F2B800CDAA0F /* bg-editor.png */ = {isa = PBXFileReference; lastKnownFileType = image.png; path = "bg-editor.png"; sourceTree = "<group>"; };
		7FB907941026F2B800CDAA0F /* handle.png */ = {isa = PBXFileReference; lastKnownFileType = image.png; path = handle.png; sourceTree = "<group>"; };
		7FB907951026F2B800CDAA0F /* menu.png */ = {isa = PBXFileReference; lastKnownFileType = image.png; path = menu.png; sourceTree = "<group>"; };
		7FB907961026F2B800CDAA0F /* submenu.png */ = {isa = PBXFileReference; lastKnownFileType = image.png; path = submenu.png; sourceTree = "<group>"; };
		7FB907971026F2B800CDAA0F /* style.css */ = {isa = PBXFileReference; fileEncoding = 4; lastKnownFileType = text.css; path = style.css; sourceTree = "<group>"; };
		7FB9079A1026F2B800CDAA0F /* handle.png */ = {isa = PBXFileReference; lastKnownFileType = image.png; path = handle.png; sourceTree = "<group>"; };
		7FB9079B1026F2B800CDAA0F /* menu.png */ = {isa = PBXFileReference; lastKnownFileType = image.png; path = menu.png; sourceTree = "<group>"; };
		7FB9079C1026F2B800CDAA0F /* submenu.png */ = {isa = PBXFileReference; lastKnownFileType = image.png; path = submenu.png; sourceTree = "<group>"; };
		7FB9079D1026F2B800CDAA0F /* style.css */ = {isa = PBXFileReference; fileEncoding = 4; lastKnownFileType = text.css; path = style.css; sourceTree = "<group>"; };
		7FB9079F1026F2B800CDAA0F /* preview.css */ = {isa = PBXFileReference; fileEncoding = 4; lastKnownFileType = text.css; path = preview.css; sourceTree = "<group>"; };
		7FB907A01026F2B800CDAA0F /* preview.html */ = {isa = PBXFileReference; fileEncoding = 4; lastKnownFileType = text.html; path = preview.html; sourceTree = "<group>"; };
		7FB907A21026F2B800CDAA0F /* stacked_dynamic_inlines.js */ = {isa = PBXFileReference; fileEncoding = 4; lastKnownFileType = sourcecode.javascript; path = stacked_dynamic_inlines.js; sourceTree = "<group>"; };
		7FC3D4D70F7568DC0064D72B /* models.py */ = {isa = PBXFileReference; fileEncoding = 4; lastKnownFileType = text.script.python; path = models.py; sourceTree = "<group>"; };
		7FC3D4D80F7568DC0064D72B /* views.py */ = {isa = PBXFileReference; fileEncoding = 4; lastKnownFileType = text.script.python; path = views.py; sourceTree = "<group>"; };
		7FEB3888107E00ED0054AD6B /* praktomat.wsgi */ = {isa = PBXFileReference; fileEncoding = 4; lastKnownFileType = text; path = praktomat.wsgi; sourceTree = "<group>"; };
		7FEB3889107E02100054AD6B /* apache_django_wsgi.conf */ = {isa = PBXFileReference; fileEncoding = 4; lastKnownFileType = text; path = apache_django_wsgi.conf; sourceTree = "<group>"; };
/* End PBXFileReference section */

/* Begin PBXGroup section */
		08FB7794FE84155DC02AAC07 /* Praktomat */ = {
			isa = PBXGroup;
			children = (
				7FEB3887107E00D90054AD6B /* apache */,
				7F8E04AA0F73E8B900442855 /* accounts */,
				7FC3D4D50F7568DC0064D72B /* checker */,
				7F8E05460F73E8B900442855 /* solutions */,
				7F8E04E40F73E8B900442855 /* static */,
				7F8E04D60F73E8B900442855 /* tasks */,
				7F8E04BA0F73E8B900442855 /* templates */,
				7F8E05590F73E8B900442855 /* __init__.py */,
				7F8E04A70F73E8B900442855 /* manage.py */,
				7F8E04B90F73E8B900442855 /* urls.py */,
				7F7A5E860FA3448F0085B6A5 /* test_data.json */,
				7F8E04A90F73E8B900442855 /* initial_data.json */,
				7F8E05550F73E8B900442855 /* settings.py */,
			);
			name = Praktomat;
			sourceTree = "<group>";
		};
		7F1B0DE20FB6F3A500541D2B /* compiler */ = {
			isa = PBXGroup;
			children = (
				7F1B0DE30FB6F3A500541D2B /* __init__.py */,
				7F1B0DE50FB6F3A500541D2B /* CBuilder.py */,
				7F1B0DE70FB6F3A500541D2B /* CXXBuilder.py */,
				7F1B0DE80FB6F3A500541D2B /* FortranBuilder.py */,
				7F1B0DE90FB6F3A500541D2B /* JavaBuilder.py */,
				7F1B0DEA0FB6F3A500541D2B /* JavaGCCBuilder.py */,
				7F1B0DEB0FB6F3A500541D2B /* Modula2Builder.py */,
			);
			path = compiler;
			sourceTree = "<group>";
		};
		7F5E31D01071128C00CED596 /* tasks */ = {
			isa = PBXGroup;
			children = (
				7F5E31D11071128C00CED596 /* task */,
			);
			path = tasks;
			sourceTree = "<group>";
		};
		7F5E31D11071128C00CED596 /* task */ = {
			isa = PBXGroup;
			children = (
				7F5E31FD10727A5A00CED596 /* import.html */,
				7F5E31D21071128C00CED596 /* change_list.html */,
			);
			path = task;
			sourceTree = "<group>";
		};
		7F75C80B1030A6ED008B3FB0 /* tests */ = {
			isa = PBXGroup;
			children = (
				7F75C80C1030A6ED008B3FB0 /* __init__.py */,
				7F75C80E1030A6ED008B3FB0 /* AnonymityChecker.py */,
				7F75C8111030A6ED008B3FB0 /* DejaGnu.py */,
				7F75C8131030A6ED008B3FB0 /* DiffChecker.py */,
				7F75C8151030A6ED008B3FB0 /* InterfaceChecker.py */,
				7F75C8171030A6ED008B3FB0 /* LineCounter.py */,
				7F75C8191030A6ED008B3FB0 /* LineWidthChecker.py */,
				7F75C81B1030A6ED008B3FB0 /* TextChecker.py */,
			);
			path = tests;
			sourceTree = "<group>";
		};
		7F8E04AA0F73E8B900442855 /* accounts */ = {
			isa = PBXGroup;
			children = (
				7FB905421025C76E00CDAA0F /* templatetags */,
				7F8E04AB0F73E8B900442855 /* __init__.py */,
				7F8E04AD0F73E8B900442855 /* admin.py */,
				7F8E04B10F73E8B900442855 /* forms.py */,
				7F8E04B30F73E8B900442855 /* models.py */,
				7F8E04B50F73E8B900442855 /* urls.py */,
				7F8E04B70F73E8B900442855 /* views.py */,
			);
			path = accounts;
			sourceTree = "<group>";
		};
		7F8E04BA0F73E8B900442855 /* templates */ = {
			isa = PBXGroup;
			children = (
				7F8E04BB0F73E8B900442855 /* admin */,
				7F8E04C00F73E8B900442855 /* base.html */,
				7F8E04C10F73E8B900442855 /* error.html */,
				7F8E04C20F73E8B900442855 /* registration */,
				7F8E04CF0F73E8B900442855 /* solutions */,
				7F8E04D20F73E8B900442855 /* tasks */,
			);
			path = templates;
			sourceTree = "<group>";
		};
		7F8E04BB0F73E8B900442855 /* admin */ = {
			isa = PBXGroup;
			children = (
				7F5E31D01071128C00CED596 /* tasks */,
				7FA7CFE0100CD21400EB8EDC /* stacked.html */,
				7F8E04BC0F73E8B900442855 /* base_site.html */,
			);
			path = admin;
			sourceTree = "<group>";
		};
		7F8E04C20F73E8B900442855 /* registration */ = {
			isa = PBXGroup;
			children = (
				7F8E04C30F73E8B900442855 /* login.html */,
				7F8E04C40F73E8B900442855 /* password_change_done.html */,
				7F8E04C50F73E8B900442855 /* password_change_form.html */,
				7F8E04C60F73E8B900442855 /* password_reset_complete.html */,
				7F8E04C70F73E8B900442855 /* password_reset_confirm.html */,
				7F8E04C80F73E8B900442855 /* password_reset_done.html */,
				7F8E04C90F73E8B900442855 /* password_reset_email.html */,
				7F8E04CA0F73E8B900442855 /* password_reset_form.html */,
				7F8E04CB0F73E8B900442855 /* registration_activated.html */,
				7F8E04CC0F73E8B900442855 /* registration_complete.html */,
				7F8E04CD0F73E8B900442855 /* registration_email.html */,
				7F8E04CE0F73E8B900442855 /* registration_form.html */,
			);
			path = registration;
			sourceTree = "<group>";
		};
		7F8E04CF0F73E8B900442855 /* solutions */ = {
			isa = PBXGroup;
			children = (
				7FB906E010263F0700CDAA0F /* attestation.html */,
				7F8E04D00F73E8B900442855 /* solution_detail.html */,
				7F8E04D10F73E8B900442855 /* solution_list.html */,
			);
			path = solutions;
			sourceTree = "<group>";
		};
		7F8E04D20F73E8B900442855 /* tasks */ = {
			isa = PBXGroup;
			children = (
				7F8E04D30F73E8B900442855 /* task_detail.html */,
				7F8E04D40F73E8B900442855 /* task_list.html */,
				7F8E04D50F73E8B900442855 /* task_preview.html */,
			);
			path = tasks;
			sourceTree = "<group>";
		};
		7F8E04D60F73E8B900442855 /* tasks */ = {
			isa = PBXGroup;
			children = (
				7F8B49E70F8F714000BC1222 /* admin.py */,
				7F8E04D70F73E8B900442855 /* __init__.py */,
				7F8E04DD0F73E8B900442855 /* models.py */,
				7F8E04E00F73E8B900442855 /* urls.py */,
				7F8E04E20F73E8B900442855 /* views.py */,
			);
			path = tasks;
			sourceTree = "<group>";
		};
		7F8E04E40F73E8B900442855 /* static */ = {
			isa = PBXGroup;
			children = (
				7FB907471026F2B800CDAA0F /* script */,
				7F8E04E50F73E8B900442855 /* favicon.ico */,
				7F8E053D0F73E8B900442855 /* styles */,
			);
			path = static;
			sourceTree = "<group>";
		};
		7F8E053D0F73E8B900442855 /* styles */ = {
			isa = PBXGroup;
			children = (
				7FB907191026461E00CDAA0F /* ui-lightness */,
				7F8E053E0F73E8B900442855 /* pygments_friendly.css */,
				7F8E053F0F73E8B900442855 /* style.css */,
				7F89FE6D0FE7B7230089C356 /* dynamic_inlines_with_sort.css */,
			);
			path = styles;
			sourceTree = "<group>";
		};
		7F8E05460F73E8B900442855 /* solutions */ = {
			isa = PBXGroup;
			children = (
				7F8E054C0F73E8B900442855 /* templatetags */,
				7F8B4CAE0F93F7C100BC1222 /* admin.py */,
				7F8E05470F73E8B900442855 /* __init__.py */,
				7F8E05490F73E8B900442855 /* forms.py */,
				7F8E054A0F73E8B900442855 /* models.py */,
				7F8E05510F73E8B900442855 /* urls.py */,
				7F8E05530F73E8B900442855 /* views.py */,
			);
			path = solutions;
			sourceTree = "<group>";
		};
		7F8E054C0F73E8B900442855 /* templatetags */ = {
			isa = PBXGroup;
			children = (
				7F8E054D0F73E8B900442855 /* __init__.py */,
				7F8E054F0F73E8B900442855 /* highlight.py */,
			);
			path = templatetags;
			sourceTree = "<group>";
		};
		7FB905421025C76E00CDAA0F /* templatetags */ = {
			isa = PBXGroup;
			children = (
				7FB905431025C76E00CDAA0F /* __init__.py */,
				7FB905441025C76E00CDAA0F /* in_group.py */,
			);
			path = templatetags;
			sourceTree = "<group>";
		};
		7FB907191026461E00CDAA0F /* ui-lightness */ = {
			isa = PBXGroup;
			children = (
				7FB9071A1026461E00CDAA0F /* images */,
				7FB907291026461E00CDAA0F /* jquery-ui-1.7.2.custom.css */,
			);
			path = "ui-lightness";
			sourceTree = "<group>";
		};
		7FB9071A1026461E00CDAA0F /* images */ = {
			isa = PBXGroup;
			children = (
				7FB9071B1026461E00CDAA0F /* ui-bg_diagonals-thick_18_b81900_40x40.png */,
				7FB9071C1026461E00CDAA0F /* ui-bg_diagonals-thick_20_666666_40x40.png */,
				7FB9071D1026461E00CDAA0F /* ui-bg_flat_10_000000_40x100.png */,
				7FB9071E1026461E00CDAA0F /* ui-bg_glass_100_f6f6f6_1x400.png */,
				7FB9071F1026461E00CDAA0F /* ui-bg_glass_100_fdf5ce_1x400.png */,
				7FB907201026461E00CDAA0F /* ui-bg_glass_65_ffffff_1x400.png */,
				7FB907211026461E00CDAA0F /* ui-bg_gloss-wave_35_f6a828_500x100.png */,
				7FB907221026461E00CDAA0F /* ui-bg_highlight-soft_100_eeeeee_1x100.png */,
				7FB907231026461E00CDAA0F /* ui-bg_highlight-soft_75_ffe45c_1x100.png */,
				7FB907241026461E00CDAA0F /* ui-icons_222222_256x240.png */,
				7FB907251026461E00CDAA0F /* ui-icons_228ef1_256x240.png */,
				7FB907261026461E00CDAA0F /* ui-icons_ef8c08_256x240.png */,
				7FB907271026461E00CDAA0F /* ui-icons_ffd27a_256x240.png */,
				7FB907281026461E00CDAA0F /* ui-icons_ffffff_256x240.png */,
			);
			path = images;
			sourceTree = "<group>";
		};
		7FB907471026F2B800CDAA0F /* script */ = {
			isa = PBXGroup;
			children = (
				7FB9074C1026F2B800CDAA0F /* markitup */,
				7FB907491026F2B800CDAA0F /* jquery.js */,
				7FB9074A1026F2B800CDAA0F /* jquery-ui.js */,
				7FB907481026F2B800CDAA0F /* dynamic_inlines_with_sort.js */,
				7FB907A21026F2B800CDAA0F /* stacked_dynamic_inlines.js */,
			);
			path = script;
			sourceTree = "<group>";
		};
		7FB9074C1026F2B800CDAA0F /* markitup */ = {
			isa = PBXGroup;
			children = (
				7FB9074D1026F2B800CDAA0F /* jquery.markitup.js */,
				7FB9074E1026F2B800CDAA0F /* jquery.markitup.pack.js */,
				7FB9074F1026F2B800CDAA0F /* readme.txt */,
				7FB907501026F2B800CDAA0F /* sets */,
				7FB907871026F2B800CDAA0F /* skins */,
				7FB9079E1026F2B800CDAA0F /* templates */,
			);
			path = markitup;
			sourceTree = "<group>";
		};
		7FB907501026F2B800CDAA0F /* sets */ = {
			isa = PBXGroup;
			children = (
				7FB907511026F2B800CDAA0F /* default */,
				7FB9075D1026F2B800CDAA0F /* markdown */,
				7FB907711026F2B800CDAA0F /* textile */,
			);
			path = sets;
			sourceTree = "<group>";
		};
		7FB907511026F2B800CDAA0F /* default */ = {
			isa = PBXGroup;
			children = (
				7FB907521026F2B800CDAA0F /* images */,
				7FB9075B1026F2B800CDAA0F /* set.js */,
				7FB9075C1026F2B800CDAA0F /* style.css */,
			);
			path = default;
			sourceTree = "<group>";
		};
		7FB907521026F2B800CDAA0F /* images */ = {
			isa = PBXGroup;
			children = (
				7FB907531026F2B800CDAA0F /* bold.png */,
				7FB907541026F2B800CDAA0F /* clean.png */,
				7FB907551026F2B800CDAA0F /* image.png */,
				7FB907561026F2B800CDAA0F /* italic.png */,
				7FB907571026F2B800CDAA0F /* link.png */,
				7FB907581026F2B800CDAA0F /* picture.png */,
				7FB907591026F2B800CDAA0F /* preview.png */,
				7FB9075A1026F2B800CDAA0F /* stroke.png */,
			);
			path = images;
			sourceTree = "<group>";
		};
		7FB9075D1026F2B800CDAA0F /* markdown */ = {
			isa = PBXGroup;
			children = (
				7FB9075E1026F2B800CDAA0F /* images */,
				7FB9076E1026F2B800CDAA0F /* readme.txt */,
				7FB9076F1026F2B800CDAA0F /* set.js */,
				7FB907701026F2B800CDAA0F /* style.css */,
			);
			path = markdown;
			sourceTree = "<group>";
		};
		7FB9075E1026F2B800CDAA0F /* images */ = {
			isa = PBXGroup;
			children = (
				7FB9075F1026F2B800CDAA0F /* bold.png */,
				7FB907601026F2B800CDAA0F /* code.png */,
				7FB907611026F2B800CDAA0F /* h1.png */,
				7FB907621026F2B800CDAA0F /* h2.png */,
				7FB907631026F2B800CDAA0F /* h3.png */,
				7FB907641026F2B800CDAA0F /* h4.png */,
				7FB907651026F2B800CDAA0F /* h5.png */,
				7FB907661026F2B800CDAA0F /* h6.png */,
				7FB907671026F2B800CDAA0F /* italic.png */,
				7FB907681026F2B800CDAA0F /* link.png */,
				7FB907691026F2B800CDAA0F /* list-bullet.png */,
				7FB9076A1026F2B800CDAA0F /* list-numeric.png */,
				7FB9076B1026F2B800CDAA0F /* picture.png */,
				7FB9076C1026F2B800CDAA0F /* preview.png */,
				7FB9076D1026F2B800CDAA0F /* quotes.png */,
			);
			path = images;
			sourceTree = "<group>";
		};
		7FB907711026F2B800CDAA0F /* textile */ = {
			isa = PBXGroup;
			children = (
				7FB907721026F2B800CDAA0F /* images */,
				7FB907841026F2B800CDAA0F /* readme.txt */,
				7FB907851026F2B800CDAA0F /* set.js */,
				7FB907861026F2B800CDAA0F /* style.css */,
			);
			path = textile;
			sourceTree = "<group>";
		};
		7FB907721026F2B800CDAA0F /* images */ = {
			isa = PBXGroup;
			children = (
				7FB907731026F2B800CDAA0F /* bold.png */,
				7FB907741026F2B800CDAA0F /* code.png */,
				7FB907751026F2B800CDAA0F /* h1.png */,
				7FB907761026F2B800CDAA0F /* h2.png */,
				7FB907771026F2B800CDAA0F /* h3.png */,
				7FB907781026F2B800CDAA0F /* h4.png */,
				7FB907791026F2B800CDAA0F /* h5.png */,
				7FB9077A1026F2B800CDAA0F /* h6.png */,
				7FB9077B1026F2B800CDAA0F /* italic.png */,
				7FB9077C1026F2B800CDAA0F /* link.png */,
				7FB9077D1026F2B800CDAA0F /* list-bullet.png */,
				7FB9077E1026F2B800CDAA0F /* list-numeric.png */,
				7FB9077F1026F2B800CDAA0F /* paragraph.png */,
				7FB907801026F2B800CDAA0F /* picture.png */,
				7FB907811026F2B800CDAA0F /* preview.png */,
				7FB907821026F2B800CDAA0F /* quotes.png */,
				7FB907831026F2B800CDAA0F /* stroke.png */,
			);
			path = images;
			sourceTree = "<group>";
		};
		7FB907871026F2B800CDAA0F /* skins */ = {
			isa = PBXGroup;
			children = (
				7FB907881026F2B800CDAA0F /* markitup */,
				7FB907981026F2B800CDAA0F /* simple */,
			);
			path = skins;
			sourceTree = "<group>";
		};
		7FB907881026F2B800CDAA0F /* markitup */ = {
			isa = PBXGroup;
			children = (
				7FB907891026F2B800CDAA0F /* images */,
				7FB907971026F2B800CDAA0F /* style.css */,
			);
			path = markitup;
			sourceTree = "<group>";
		};
		7FB907891026F2B800CDAA0F /* images */ = {
			isa = PBXGroup;
			children = (
				7FB9078A1026F2B800CDAA0F /* bg-container.png */,
				7FB9078B1026F2B800CDAA0F /* bg-editor-bbcode.png */,
				7FB9078C1026F2B800CDAA0F /* bg-editor-dotclear.png */,
				7FB9078D1026F2B800CDAA0F /* bg-editor-html.png */,
				7FB9078E1026F2B800CDAA0F /* bg-editor-json.png */,
				7FB9078F1026F2B800CDAA0F /* bg-editor-markdown.png */,
				7FB907901026F2B800CDAA0F /* bg-editor-textile.png */,
				7FB907911026F2B800CDAA0F /* bg-editor-wiki.png */,
				7FB907921026F2B800CDAA0F /* bg-editor-xml.png */,
				7FB907931026F2B800CDAA0F /* bg-editor.png */,
				7FB907941026F2B800CDAA0F /* handle.png */,
				7FB907951026F2B800CDAA0F /* menu.png */,
				7FB907961026F2B800CDAA0F /* submenu.png */,
			);
			path = images;
			sourceTree = "<group>";
		};
		7FB907981026F2B800CDAA0F /* simple */ = {
			isa = PBXGroup;
			children = (
				7FB907991026F2B800CDAA0F /* images */,
				7FB9079D1026F2B800CDAA0F /* style.css */,
			);
			path = simple;
			sourceTree = "<group>";
		};
		7FB907991026F2B800CDAA0F /* images */ = {
			isa = PBXGroup;
			children = (
				7FB9079A1026F2B800CDAA0F /* handle.png */,
				7FB9079B1026F2B800CDAA0F /* menu.png */,
				7FB9079C1026F2B800CDAA0F /* submenu.png */,
			);
			path = images;
			sourceTree = "<group>";
		};
		7FB9079E1026F2B800CDAA0F /* templates */ = {
			isa = PBXGroup;
			children = (
				7FB9079F1026F2B800CDAA0F /* preview.css */,
				7FB907A01026F2B800CDAA0F /* preview.html */,
			);
			path = templates;
			sourceTree = "<group>";
		};
		7FC3D4D50F7568DC0064D72B /* checker */ = {
			isa = PBXGroup;
			children = (
				7F75C80B1030A6ED008B3FB0 /* tests */,
				7FB81FC70FB0977F00A58373 /* __init__.py */,
				7F1B0DE20FB6F3A500541D2B /* compiler */,
				7F8B49D10F8F6E0B00BC1222 /* admin.py */,
				7FC3D4D70F7568DC0064D72B /* models.py */,
				7FC3D4D80F7568DC0064D72B /* views.py */,
			);
			path = checker;
			sourceTree = "<group>";
		};
		7FEB3887107E00D90054AD6B /* apache */ = {
			isa = PBXGroup;
			children = (
				7FEB3888107E00ED0054AD6B /* praktomat.wsgi */,
				7FEB3889107E02100054AD6B /* apache_django_wsgi.conf */,
			);
			path = apache;
			sourceTree = "<group>";
		};
/* End PBXGroup section */

/* Begin PBXLegacyTarget section */
		D28A88AD04BDD90700651E21 /* Praktomat */ = {
			isa = PBXLegacyTarget;
			buildArgumentsString = "$(ACTION)";
			buildConfigurationList = 1DEB918F08733D9F0010E9CD /* Build configuration list for PBXLegacyTarget "Praktomat" */;
			buildPhases = (
			);
			buildToolPath = /usr/bin/make;
			dependencies = (
			);
			name = Praktomat;
			passBuildSettingsInEnvironment = 1;
			productName = Praktomat;
		};
/* End PBXLegacyTarget section */

/* Begin PBXProject section */
		08FB7793FE84155DC02AAC07 /* Project object */ = {
			isa = PBXProject;
			buildConfigurationList = 1DEB919308733D9F0010E9CD /* Build configuration list for PBXProject "Praktomat" */;
			compatibilityVersion = "Xcode 3.1";
			hasScannedForEncodings = 1;
			mainGroup = 08FB7794FE84155DC02AAC07 /* Praktomat */;
			projectDirPath = "";
			projectRoot = "";
			targets = (
				D28A88AD04BDD90700651E21 /* Praktomat */,
			);
		};
/* End PBXProject section */

/* Begin XCBuildConfiguration section */
		1DEB919008733D9F0010E9CD /* Debug */ = {
			isa = XCBuildConfiguration;
			buildSettings = {
				COPY_PHASE_STRIP = NO;
				DEBUGGING_SYMBOLS = YES;
				GCC_DYNAMIC_NO_PIC = NO;
				GCC_ENABLE_FIX_AND_CONTINUE = YES;
				GCC_GENERATE_DEBUGGING_SYMBOLS = YES;
				GCC_OPTIMIZATION_LEVEL = 0;
				OTHER_CFLAGS = "";
				OTHER_LDFLAGS = "";
				PRODUCT_NAME = Praktomat;
			};
			name = Debug;
		};
		1DEB919108733D9F0010E9CD /* Release */ = {
			isa = XCBuildConfiguration;
			buildSettings = {
				COPY_PHASE_STRIP = YES;
				GCC_ENABLE_FIX_AND_CONTINUE = NO;
				OTHER_CFLAGS = "";
				OTHER_LDFLAGS = "";
				PRODUCT_NAME = Praktomat;
			};
			name = Release;
		};
		1DEB919408733D9F0010E9CD /* Debug */ = {
			isa = XCBuildConfiguration;
			buildSettings = {
				ARCHS = "$(ARCHS_STANDARD_32_BIT)";
				GCC_WARN_ABOUT_RETURN_TYPE = YES;
				GCC_WARN_UNUSED_VARIABLE = YES;
				ONLY_ACTIVE_ARCH = YES;
				PREBINDING = NO;
				SDKROOT = macosx10.5;
			};
			name = Debug;
		};
		1DEB919508733D9F0010E9CD /* Release */ = {
			isa = XCBuildConfiguration;
			buildSettings = {
				ARCHS = "$(ARCHS_STANDARD_32_BIT)";
				GCC_WARN_ABOUT_RETURN_TYPE = YES;
				GCC_WARN_UNUSED_VARIABLE = YES;
				PREBINDING = NO;
				SDKROOT = macosx10.5;
			};
			name = Release;
		};
/* End XCBuildConfiguration section */

/* Begin XCConfigurationList section */
		1DEB918F08733D9F0010E9CD /* Build configuration list for PBXLegacyTarget "Praktomat" */ = {
			isa = XCConfigurationList;
			buildConfigurations = (
				1DEB919008733D9F0010E9CD /* Debug */,
				1DEB919108733D9F0010E9CD /* Release */,
			);
			defaultConfigurationIsVisible = 0;
			defaultConfigurationName = Release;
		};
		1DEB919308733D9F0010E9CD /* Build configuration list for PBXProject "Praktomat" */ = {
			isa = XCConfigurationList;
			buildConfigurations = (
				1DEB919408733D9F0010E9CD /* Debug */,
				1DEB919508733D9F0010E9CD /* Release */,
			);
			defaultConfigurationIsVisible = 0;
			defaultConfigurationName = Release;
		};
/* End XCConfigurationList section */
	};
	rootObject = 08FB7793FE84155DC02AAC07 /* Project object */;
}
